# This file is automatically @generated by Cargo.
# It is not intended for manual editing.
version = 3

[[package]]
name = "out2svg"
version = "0.1.0"
dependencies = [
 "svg",
]

[[package]]
name = "svg"
version = "0.9.3"
source = "registry+https://github.com/rust-lang/crates.io-index"
checksum = "a1206d132b55a9c93e12b7e6f9044a27b563a8dea3a39d9bc1764d613a7dd3fa"
